
Microsoft Visual Studio Solution File, Format Version 12.00
# Visual Studio Version 16
VisualStudioVersion = 16.0.28902.138
MinimumVisualStudioVersion = 10.0.40219.1
Project("{FAE04EC0-301F-11D3-BF4B-00C04F79EFBC}") = "Okul", "Okul\Okul.csproj", "{BF22D908-FD32-4753-8D00-6FBE718E9AF6}"
EndProject
Global
	GlobalSection(SolutionConfigurationPlatforms) = preSolution
		Debug|Any CPU = Debug|Any CPU
		Release|Any CPU = Release|Any CPU
	EndGlobalSection
	GlobalSection(ProjectConfigurationPlatforms) = postSolution
		{BF22D908-FD32-4753-8D00-6FBE718E9AF6}.Debug|Any CPU.ActiveCfg = Debug|Any CPU
		{BF22D908-FD32-4753-8D00-6FBE718E9AF6}.Debug|Any CPU.Build.0 = Debug|Any CPU
		{BF22D908-FD32-4753-8D00-6FBE718E9AF6}.Release|Any CPU.ActiveCfg = Release|Any CPU
		{BF22D908-FD32-4753-8D00-6FBE718E9AF6}.Release|Any CPU.Build.0 = Release|Any CPU
	EndGlobalSection
	GlobalSection(SolutionProperties) = preSolution
		HideSolutionNode = FALSE
	EndGlobalSection
	GlobalSection(ExtensibilityGlobals) = postSolution
		SolutionGuid = {DE6BD6E4-E802-4CEC-883B-F6BE8530440B}
	EndGlobalSection
EndGlobal
